
Microsoft Visual Studio Solution File, Format Version 12.00
# Visual Studio Version 17
VisualStudioVersion = 17.11.35208.52
MinimumVisualStudioVersion = 10.0.40219.1
Project("{9A19103F-16F7-4668-BE54-9A1E7A4F7556}") = "F1Soft.Starmap.Service", "F1Soft.Starmap.Service\F1Soft.Starmap.Service.csproj", "{1FEEC658-1D2C-404C-904D-28206FFAE714}"
EndProject
Project("{FAE04EC0-301F-11D3-BF4B-00C04F79EFBC}") = "F1Soft.Starmap.Core", "F1Soft.Starmap.Core\F1Soft.Starmap.Core.csproj", "{1759AA3C-F625-4EA4-9DDA-0959F075284C}"
EndProject
Global
	GlobalSection(SolutionConfigurationPlatforms) = preSolution
		Debug|Any CPU = Debug|Any CPU
		Release|Any CPU = Release|Any CPU
		Staging|Any CPU = Staging|Any CPU
	EndGlobalSection
	GlobalSection(ProjectConfigurationPlatforms) = postSolution
		{1FEEC658-1D2C-404C-904D-28206FFAE714}.Debug|Any CPU.ActiveCfg = Debug|Any CPU
		{1FEEC658-1D2C-404C-904D-28206FFAE714}.Debug|Any CPU.Build.0 = Debug|Any CPU
		{1FEEC658-1D2C-404C-904D-28206FFAE714}.Release|Any CPU.ActiveCfg = Release|Any CPU
		{1FEEC658-1D2C-404C-904D-28206FFAE714}.Release|Any CPU.Build.0 = Release|Any CPU
		{1FEEC658-1D2C-404C-904D-28206FFAE714}.Staging|Any CPU.ActiveCfg = Staging|Any CPU
		{1FEEC658-1D2C-404C-904D-28206FFAE714}.Staging|Any CPU.Build.0 = Staging|Any CPU
		{1759AA3C-F625-4EA4-9DDA-0959F075284C}.Debug|Any CPU.ActiveCfg = Debug|Any CPU
		{1759AA3C-F625-4EA4-9DDA-0959F075284C}.Debug|Any CPU.Build.0 = Debug|Any CPU
		{1759AA3C-F625-4EA4-9DDA-0959F075284C}.Release|Any CPU.ActiveCfg = Release|Any CPU
		{1759AA3C-F625-4EA4-9DDA-0959F075284C}.Release|Any CPU.Build.0 = Release|Any CPU
		{1759AA3C-F625-4EA4-9DDA-0959F075284C}.Staging|Any CPU.ActiveCfg = Debug|Any CPU
		{1759AA3C-F625-4EA4-9DDA-0959F075284C}.Staging|Any CPU.Build.0 = Debug|Any CPU
	EndGlobalSection
	GlobalSection(SolutionProperties) = preSolution
		HideSolutionNode = FALSE
	EndGlobalSection
	GlobalSection(ExtensibilityGlobals) = postSolution
		SolutionGuid = {1CA130F8-61D1-4705-82D6-67D7519C05B9}
	EndGlobalSection
EndGlobal
